// !$*UTF8*$!
{
	archiveVersion = 1;
	classes = {
	};
	objectVersion = 46;
	objects = {

/* Begin PBXBuildFile section */
		8818E3CC1A898FA20007C387 /* FleetSetupViewController.swift in Sources */ = {isa = PBXBuildFile; fileRef = 8818E3CB1A898FA20007C387 /* FleetSetupViewController.swift */; };
		8818E3D21A899DD90007C387 /* FleetSquareCollectionViewCell.swift in Sources */ = {isa = PBXBuildFile; fileRef = 8818E3D11A899DD90007C387 /* FleetSquareCollectionViewCell.swift */; };
		884B389C1A86D38D00347AD9 /* AppDelegate.swift in Sources */ = {isa = PBXBuildFile; fileRef = 884B389B1A86D38D00347AD9 /* AppDelegate.swift */; };
		884B389E1A86D38D00347AD9 /* MainViewController.swift in Sources */ = {isa = PBXBuildFile; fileRef = 884B389D1A86D38D00347AD9 /* MainViewController.swift */; };
		884B38A11A86D38D00347AD9 /* Main.storyboard in Resources */ = {isa = PBXBuildFile; fileRef = 884B389F1A86D38D00347AD9 /* Main.storyboard */; };
		884B38A31A86D38D00347AD9 /* Images.xcassets in Resources */ = {isa = PBXBuildFile; fileRef = 884B38A21A86D38D00347AD9 /* Images.xcassets */; };
		884B38A61A86D38D00347AD9 /* LaunchScreen.xib in Resources */ = {isa = PBXBuildFile; fileRef = 884B38A41A86D38D00347AD9 /* LaunchScreen.xib */; };
		884B38B21A86D38D00347AD9 /* BattleshipTests.swift in Sources */ = {isa = PBXBuildFile; fileRef = 884B38B11A86D38D00347AD9 /* BattleshipTests.swift */; };
		889BCBC11A8ADE8A002D68E9 /* Battle.swift in Sources */ = {isa = PBXBuildFile; fileRef = 889BCBC01A8ADE8A002D68E9 /* Battle.swift */; };
		889BCBC31A8AEE45002D68E9 /* BattleViewController.swift in Sources */ = {isa = PBXBuildFile; fileRef = 889BCBC21A8AEE45002D68E9 /* BattleViewController.swift */; };
		889DF08E1A889AFF00442282 /* 02-select-game-mode.jpg in Resources */ = {isa = PBXBuildFile; fileRef = 889DF0891A889AFF00442282 /* 02-select-game-mode.jpg */; };
		889DF08F1A889AFF00442282 /* 03-fleet-setup.jpg in Resources */ = {isa = PBXBuildFile; fileRef = 889DF08A1A889AFF00442282 /* 03-fleet-setup.jpg */; };
		889DF0901A889AFF00442282 /* 04-battle-round.jpg in Resources */ = {isa = PBXBuildFile; fileRef = 889DF08B1A889AFF00442282 /* 04-battle-round.jpg */; };
		889DF0911A889AFF00442282 /* 05-winner-loser.jpg in Resources */ = {isa = PBXBuildFile; fileRef = 889DF08C1A889AFF00442282 /* 05-winner-loser.jpg */; };
		889DF0921A889AFF00442282 /* 06-return-rematch.jpg in Resources */ = {isa = PBXBuildFile; fileRef = 889DF08D1A889AFF00442282 /* 06-return-rematch.jpg */; };
		889DF0941A889C2900442282 /* 01-initial-screen.jpg in Resources */ = {isa = PBXBuildFile; fileRef = 889DF0931A889C2900442282 /* 01-initial-screen.jpg */; };
		88B6D0511A895DBD002B6337 /* Boat.swift in Sources */ = {isa = PBXBuildFile; fileRef = 88B6D0501A895DBD002B6337 /* Boat.swift */; };
		88B6D0531A895DEA002B6337 /* Fleet.swift in Sources */ = {isa = PBXBuildFile; fileRef = 88B6D0521A895DEA002B6337 /* Fleet.swift */; };
		88B6D0551A895EAE002B6337 /* Player.swift in Sources */ = {isa = PBXBuildFile; fileRef = 88B6D0541A895EAE002B6337 /* Player.swift */; };
		88B6D0571A895EF2002B6337 /* Game.swift in Sources */ = {isa = PBXBuildFile; fileRef = 88B6D0561A895EF2002B6337 /* Game.swift */; };
		88FFBAEF1A8C550B00B66EE7 /* FleetViewController.swift in Sources */ = {isa = PBXBuildFile; fileRef = 88FFBAEE1A8C550B00B66EE7 /* FleetViewController.swift */; };
/* End PBXBuildFile section */

/* Begin PBXContainerItemProxy section */
		884B38AC1A86D38D00347AD9 /* PBXContainerItemProxy */ = {
			isa = PBXContainerItemProxy;
			containerPortal = 884B388E1A86D38C00347AD9 /* Project object */;
			proxyType = 1;
			remoteGlobalIDString = 884B38951A86D38D00347AD9;
			remoteInfo = Battleship;
		};
/* End PBXContainerItemProxy section */

/* Begin PBXFileReference section */
		8818E3CB1A898FA20007C387 /* FleetSetupViewController.swift */ = {isa = PBXFileReference; fileEncoding = 4; lastKnownFileType = sourcecode.swift; path = FleetSetupViewController.swift; sourceTree = "<group>"; };
		8818E3D11A899DD90007C387 /* FleetSquareCollectionViewCell.swift */ = {isa = PBXFileReference; fileEncoding = 4; lastKnownFileType = sourcecode.swift; name = FleetSquareCollectionViewCell.swift; path = ../FleetSquareCollectionViewCell.swift; sourceTree = "<group>"; };
		884B38961A86D38D00347AD9 /* Battleship.app */ = {isa = PBXFileReference; explicitFileType = wrapper.application; includeInIndex = 0; path = Battleship.app; sourceTree = BUILT_PRODUCTS_DIR; };
		884B389A1A86D38D00347AD9 /* Info.plist */ = {isa = PBXFileReference; lastKnownFileType = text.plist.xml; path = Info.plist; sourceTree = "<group>"; };
		884B389B1A86D38D00347AD9 /* AppDelegate.swift */ = {isa = PBXFileReference; lastKnownFileType = sourcecode.swift; path = AppDelegate.swift; sourceTree = "<group>"; };
		884B389D1A86D38D00347AD9 /* MainViewController.swift */ = {isa = PBXFileReference; lastKnownFileType = sourcecode.swift; path = MainViewController.swift; sourceTree = "<group>"; };
		884B38A01A86D38D00347AD9 /* Base */ = {isa = PBXFileReference; lastKnownFileType = file.storyboard; name = Base; path = Base.lproj/Main.storyboard; sourceTree = "<group>"; };
		884B38A21A86D38D00347AD9 /* Images.xcassets */ = {isa = PBXFileReference; lastKnownFileType = folder.assetcatalog; path = Images.xcassets; sourceTree = "<group>"; };
		884B38A51A86D38D00347AD9 /* Base */ = {isa = PBXFileReference; lastKnownFileType = file.xib; name = Base; path = Base.lproj/LaunchScreen.xib; sourceTree = "<group>"; };
		884B38AB1A86D38D00347AD9 /* BattleshipTests.xctest */ = {isa = PBXFileReference; explicitFileType = wrapper.cfbundle; includeInIndex = 0; path = BattleshipTests.xctest; sourceTree = BUILT_PRODUCTS_DIR; };
		884B38B01A86D38D00347AD9 /* Info.plist */ = {isa = PBXFileReference; lastKnownFileType = text.plist.xml; path = Info.plist; sourceTree = "<group>"; };
		884B38B11A86D38D00347AD9 /* BattleshipTests.swift */ = {isa = PBXFileReference; lastKnownFileType = sourcecode.swift; path = BattleshipTests.swift; sourceTree = "<group>"; };
		889BCBC01A8ADE8A002D68E9 /* Battle.swift */ = {isa = PBXFileReference; fileEncoding = 4; lastKnownFileType = sourcecode.swift; path = Battle.swift; sourceTree = "<group>"; };
		889BCBC21A8AEE45002D68E9 /* BattleViewController.swift */ = {isa = PBXFileReference; fileEncoding = 4; lastKnownFileType = sourcecode.swift; path = BattleViewController.swift; sourceTree = "<group>"; };
		889DF0891A889AFF00442282 /* 02-select-game-mode.jpg */ = {isa = PBXFileReference; lastKnownFileType = image.jpeg; path = "02-select-game-mode.jpg"; sourceTree = "<group>"; };
		889DF08A1A889AFF00442282 /* 03-fleet-setup.jpg */ = {isa = PBXFileReference; lastKnownFileType = image.jpeg; path = "03-fleet-setup.jpg"; sourceTree = "<group>"; };
		889DF08B1A889AFF00442282 /* 04-battle-round.jpg */ = {isa = PBXFileReference; lastKnownFileType = image.jpeg; path = "04-battle-round.jpg"; sourceTree = "<group>"; };
		889DF08C1A889AFF00442282 /* 05-winner-loser.jpg */ = {isa = PBXFileReference; lastKnownFileType = image.jpeg; path = "05-winner-loser.jpg"; sourceTree = "<group>"; };
		889DF08D1A889AFF00442282 /* 06-return-rematch.jpg */ = {isa = PBXFileReference; lastKnownFileType = image.jpeg; path = "06-return-rematch.jpg"; sourceTree = "<group>"; };
		889DF0931A889C2900442282 /* 01-initial-screen.jpg */ = {isa = PBXFileReference; lastKnownFileType = image.jpeg; path = "01-initial-screen.jpg"; sourceTree = "<group>"; };
		88B6D04D1A894FD1002B6337 /* MyPlayground.playground */ = {isa = PBXFileReference; lastKnownFileType = file.playground; name = MyPlayground.playground; path = Battleship/MyPlayground.playground; sourceTree = "<group>"; };
		88B6D0501A895DBD002B6337 /* Boat.swift */ = {isa = PBXFileReference; fileEncoding = 4; lastKnownFileType = sourcecode.swift; path = Boat.swift; sourceTree = "<group>"; };
		88B6D0521A895DEA002B6337 /* Fleet.swift */ = {isa = PBXFileReference; fileEncoding = 4; lastKnownFileType = sourcecode.swift; path = Fleet.swift; sourceTree = "<group>"; };
		88B6D0541A895EAE002B6337 /* Player.swift */ = {isa = PBXFileReference; fileEncoding = 4; lastKnownFileType = sourcecode.swift; path = Player.swift; sourceTree = "<group>"; };
		88B6D0561A895EF2002B6337 /* Game.swift */ = {isa = PBXFileReference; fileEncoding = 4; lastKnownFileType = sourcecode.swift; path = Game.swift; sourceTree = "<group>"; };
		88FFBAEE1A8C550B00B66EE7 /* FleetViewController.swift */ = {isa = PBXFileReference; fileEncoding = 4; lastKnownFileType = sourcecode.swift; path = FleetViewController.swift; sourceTree = "<group>"; };
/* End PBXFileReference section */

/* Begin PBXFrameworksBuildPhase section */
		884B38931A86D38D00347AD9 /* Frameworks */ = {
			isa = PBXFrameworksBuildPhase;
			buildActionMask = 2147483647;
			files = (
			);
			runOnlyForDeploymentPostprocessing = 0;
		};
		884B38A81A86D38D00347AD9 /* Frameworks */ = {
			isa = PBXFrameworksBuildPhase;
			buildActionMask = 2147483647;
			files = (
			);
			runOnlyForDeploymentPostprocessing = 0;
		};
/* End PBXFrameworksBuildPhase section */

/* Begin PBXGroup section */
		8818E3CD1A898FBB0007C387 /* Controller */ = {
			isa = PBXGroup;
			children = (
				884B389D1A86D38D00347AD9 /* MainViewController.swift */,
				8818E3CB1A898FA20007C387 /* FleetSetupViewController.swift */,
				88FFBAEE1A8C550B00B66EE7 /* FleetViewController.swift */,
				889BCBC21A8AEE45002D68E9 /* BattleViewController.swift */,
			);
			name = Controller;
			sourceTree = "<group>";
		};
		8818E3D01A899D350007C387 /* View */ = {
			isa = PBXGroup;
			children = (
				8818E3D11A899DD90007C387 /* FleetSquareCollectionViewCell.swift */,
			);
			name = View;
			sourceTree = "<group>";
		};
		884B388D1A86D38C00347AD9 = {
			isa = PBXGroup;
			children = (
				88B6D04D1A894FD1002B6337 /* MyPlayground.playground */,
				884B38981A86D38D00347AD9 /* Battleship */,
				884B38AE1A86D38D00347AD9 /* BattleshipTests */,
				884B38971A86D38D00347AD9 /* Products */,
			);
			sourceTree = "<group>";
		};
		884B38971A86D38D00347AD9 /* Products */ = {
			isa = PBXGroup;
			children = (
				884B38961A86D38D00347AD9 /* Battleship.app */,
				884B38AB1A86D38D00347AD9 /* BattleshipTests.xctest */,
			);
			name = Products;
			sourceTree = "<group>";
		};
		884B38981A86D38D00347AD9 /* Battleship */ = {
			isa = PBXGroup;
			children = (
				88AFD2A81A8960260016EFA5 /* Model */,
				8818E3D01A899D350007C387 /* View */,
				8818E3CD1A898FBB0007C387 /* Controller */,
				884B389F1A86D38D00347AD9 /* Main.storyboard */,
				884B38A41A86D38D00347AD9 /* LaunchScreen.xib */,
				884B389B1A86D38D00347AD9 /* AppDelegate.swift */,
				884B38A21A86D38D00347AD9 /* Images.xcassets */,
				884B38991A86D38D00347AD9 /* Supporting Files */,
			);
			path = Battleship;
			sourceTree = "<group>";
		};
		884B38991A86D38D00347AD9 /* Supporting Files */ = {
			isa = PBXGroup;
			children = (
				884B389A1A86D38D00347AD9 /* Info.plist */,
				889DF0881A889AFF00442282 /* pen-and-paper-storyboard */,
			);
			name = "Supporting Files";
			sourceTree = "<group>";
		};
		884B38AE1A86D38D00347AD9 /* BattleshipTests */ = {
			isa = PBXGroup;
			children = (
				884B38B11A86D38D00347AD9 /* BattleshipTests.swift */,
				884B38AF1A86D38D00347AD9 /* Supporting Files */,
			);
			path = BattleshipTests;
			sourceTree = "<group>";
		};
		884B38AF1A86D38D00347AD9 /* Supporting Files */ = {
			isa = PBXGroup;
			children = (
				884B38B01A86D38D00347AD9 /* Info.plist */,
			);
			name = "Supporting Files";
			sourceTree = "<group>";
		};
		889DF0881A889AFF00442282 /* pen-and-paper-storyboard */ = {
			isa = PBXGroup;
			children = (
				889DF0931A889C2900442282 /* 01-initial-screen.jpg */,
				889DF0891A889AFF00442282 /* 02-select-game-mode.jpg */,
				889DF08A1A889AFF00442282 /* 03-fleet-setup.jpg */,
				889DF08B1A889AFF00442282 /* 04-battle-round.jpg */,
				889DF08C1A889AFF00442282 /* 05-winner-loser.jpg */,
				889DF08D1A889AFF00442282 /* 06-return-rematch.jpg */,
			);
			path = "pen-and-paper-storyboard";
			sourceTree = "<group>";
		};
		88AFD2A81A8960260016EFA5 /* Model */ = {
			isa = PBXGroup;
			children = (
				88B6D0561A895EF2002B6337 /* Game.swift */,
				889BCBC01A8ADE8A002D68E9 /* Battle.swift */,
				88B6D0541A895EAE002B6337 /* Player.swift */,
				88B6D0501A895DBD002B6337 /* Boat.swift */,
				88B6D0521A895DEA002B6337 /* Fleet.swift */,
			);
			name = Model;
			path = ..;
			sourceTree = "<group>";
		};
/* End PBXGroup section */

/* Begin PBXNativeTarget section */
		884B38951A86D38D00347AD9 /* Battleship */ = {
			isa = PBXNativeTarget;
			buildConfigurationList = 884B38B51A86D38D00347AD9 /* Build configuration list for PBXNativeTarget "Battleship" */;
			buildPhases = (
				884B38921A86D38D00347AD9 /* Sources */,
				884B38931A86D38D00347AD9 /* Frameworks */,
				884B38941A86D38D00347AD9 /* Resources */,
			);
			buildRules = (
			);
			dependencies = (
			);
			name = Battleship;
			productName = Battleship;
			productReference = 884B38961A86D38D00347AD9 /* Battleship.app */;
			productType = "com.apple.product-type.application";
		};
		884B38AA1A86D38D00347AD9 /* BattleshipTests */ = {
			isa = PBXNativeTarget;
			buildConfigurationList = 884B38B81A86D38D00347AD9 /* Build configuration list for PBXNativeTarget "BattleshipTests" */;
			buildPhases = (
				884B38A71A86D38D00347AD9 /* Sources */,
				884B38A81A86D38D00347AD9 /* Frameworks */,
				884B38A91A86D38D00347AD9 /* Resources */,
			);
			buildRules = (
			);
			dependencies = (
				884B38AD1A86D38D00347AD9 /* PBXTargetDependency */,
			);
			name = BattleshipTests;
			productName = BattleshipTests;
			productReference = 884B38AB1A86D38D00347AD9 /* BattleshipTests.xctest */;
			productType = "com.apple.product-type.bundle.unit-test";
		};
/* End PBXNativeTarget section */

/* Begin PBXProject section */
		884B388E1A86D38C00347AD9 /* Project object */ = {
			isa = PBXProject;
			attributes = {
				CLASSPREFIX = "";
				LastUpgradeCheck = 0610;
				ORGANIZATIONNAME = "Renato Camilio";
				TargetAttributes = {
					884B38951A86D38D00347AD9 = {
						CreatedOnToolsVersion = 6.1.1;
					};
					884B38AA1A86D38D00347AD9 = {
						CreatedOnToolsVersion = 6.1.1;
						TestTargetID = 884B38951A86D38D00347AD9;
					};
				};
			};
			buildConfigurationList = 884B38911A86D38D00347AD9 /* Build configuration list for PBXProject "Battleship" */;
			compatibilityVersion = "Xcode 3.2";
			developmentRegion = English;
			hasScannedForEncodings = 0;
			knownRegions = (
				en,
				Base,
			);
			mainGroup = 884B388D1A86D38C00347AD9;
			productRefGroup = 884B38971A86D38D00347AD9 /* Products */;
			projectDirPath = "";
			projectRoot = "";
			targets = (
				884B38951A86D38D00347AD9 /* Battleship */,
				884B38AA1A86D38D00347AD9 /* BattleshipTests */,
			);
		};
/* End PBXProject section */

/* Begin PBXResourcesBuildPhase section */
		884B38941A86D38D00347AD9 /* Resources */ = {
			isa = PBXResourcesBuildPhase;
			buildActionMask = 2147483647;
			files = (
				884B38A11A86D38D00347AD9 /* Main.storyboard in Resources */,
				889DF0921A889AFF00442282 /* 06-return-rematch.jpg in Resources */,
				889DF0901A889AFF00442282 /* 04-battle-round.jpg in Resources */,
				889DF08F1A889AFF00442282 /* 03-fleet-setup.jpg in Resources */,
				889DF0941A889C2900442282 /* 01-initial-screen.jpg in Resources */,
				884B38A61A86D38D00347AD9 /* LaunchScreen.xib in Resources */,
				889DF08E1A889AFF00442282 /* 02-select-game-mode.jpg in Resources */,
				884B38A31A86D38D00347AD9 /* Images.xcassets in Resources */,
				889DF0911A889AFF00442282 /* 05-winner-loser.jpg in Resources */,
			);
			runOnlyForDeploymentPostprocessing = 0;
		};
		884B38A91A86D38D00347AD9 /* Resources */ = {
			isa = PBXResourcesBuildPhase;
			buildActionMask = 2147483647;
			files = (
			);
			runOnlyForDeploymentPostprocessing = 0;
		};
/* End PBXResourcesBuildPhase section */

/* Begin PBXSourcesBuildPhase section */
		884B38921A86D38D00347AD9 /* Sources */ = {
			isa = PBXSourcesBuildPhase;
			buildActionMask = 2147483647;
			files = (
				8818E3D21A899DD90007C387 /* FleetSquareCollectionViewCell.swift in Sources */,
				884B389E1A86D38D00347AD9 /* MainViewController.swift in Sources */,
				884B389C1A86D38D00347AD9 /* AppDelegate.swift in Sources */,
				88B6D0531A895DEA002B6337 /* Fleet.swift in Sources */,
				889BCBC31A8AEE45002D68E9 /* BattleViewController.swift in Sources */,
				8818E3CC1A898FA20007C387 /* FleetSetupViewController.swift in Sources */,
				88B6D0551A895EAE002B6337 /* Player.swift in Sources */,
				88B6D0511A895DBD002B6337 /* Boat.swift in Sources */,
				88FFBAEF1A8C550B00B66EE7 /* FleetViewController.swift in Sources */,
				88B6D0571A895EF2002B6337 /* Game.swift in Sources */,
				889BCBC11A8ADE8A002D68E9 /* Battle.swift in Sources */,
			);
			runOnlyForDeploymentPostprocessing = 0;
		};
		884B38A71A86D38D00347AD9 /* Sources */ = {
			isa = PBXSourcesBuildPhase;
			buildActionMask = 2147483647;
			files = (
				884B38B21A86D38D00347AD9 /* BattleshipTests.swift in Sources */,
			);
			runOnlyForDeploymentPostprocessing = 0;
		};
/* End PBXSourcesBuildPhase section */

/* Begin PBXTargetDependency section */
		884B38AD1A86D38D00347AD9 /* PBXTargetDependency */ = {
			isa = PBXTargetDependency;
			target = 884B38951A86D38D00347AD9 /* Battleship */;
			targetProxy = 884B38AC1A86D38D00347AD9 /* PBXContainerItemProxy */;
		};
/* End PBXTargetDependency section */

/* Begin PBXVariantGroup section */
		884B389F1A86D38D00347AD9 /* Main.storyboard */ = {
			isa = PBXVariantGroup;
			children = (
				884B38A01A86D38D00347AD9 /* Base */,
			);
			name = Main.storyboard;
			sourceTree = "<group>";
		};
		884B38A41A86D38D00347AD9 /* LaunchScreen.xib */ = {
			isa = PBXVariantGroup;
			children = (
				884B38A51A86D38D00347AD9 /* Base */,
			);
			name = LaunchScreen.xib;
			sourceTree = "<group>";
		};
/* End PBXVariantGroup section */

/* Begin XCBuildConfiguration section */
		884B38B31A86D38D00347AD9 /* Debug */ = {
			isa = XCBuildConfiguration;
			buildSettings = {
				ALWAYS_SEARCH_USER_PATHS = NO;
				CLANG_CXX_LANGUAGE_STANDARD = "gnu++0x";
				CLANG_CXX_LIBRARY = "libc++";
				CLANG_ENABLE_MODULES = YES;
				CLANG_ENABLE_OBJC_ARC = YES;
				CLANG_WARN_BOOL_CONVERSION = YES;
				CLANG_WARN_CONSTANT_CONVERSION = YES;
				CLANG_WARN_DIRECT_OBJC_ISA_USAGE = YES_ERROR;
				CLANG_WARN_EMPTY_BODY = YES;
				CLANG_WARN_ENUM_CONVERSION = YES;
				CLANG_WARN_INT_CONVERSION = YES;
				CLANG_WARN_OBJC_ROOT_CLASS = YES_ERROR;
				CLANG_WARN_UNREACHABLE_CODE = YES;
				CLANG_WARN__DUPLICATE_METHOD_MATCH = YES;
				"CODE_SIGN_IDENTITY[sdk=iphoneos*]" = "iPhone Developer";
				COPY_PHASE_STRIP = NO;
				ENABLE_STRICT_OBJC_MSGSEND = YES;
				GCC_C_LANGUAGE_STANDARD = gnu99;
				GCC_DYNAMIC_NO_PIC = NO;
				GCC_OPTIMIZATION_LEVEL = 0;
				GCC_PREPROCESSOR_DEFINITIONS = (
					"DEBUG=1",
					"$(inherited)",
				);
				GCC_SYMBOLS_PRIVATE_EXTERN = NO;
				GCC_WARN_64_TO_32_BIT_CONVERSION = YES;
				GCC_WARN_ABOUT_RETURN_TYPE = YES_ERROR;
				GCC_WARN_UNDECLARED_SELECTOR = YES;
				GCC_WARN_UNINITIALIZED_AUTOS = YES_AGGRESSIVE;
				GCC_WARN_UNUSED_FUNCTION = YES;
				GCC_WARN_UNUSED_VARIABLE = YES;
				IPHONEOS_DEPLOYMENT_TARGET = 8.1;
				MTL_ENABLE_DEBUG_INFO = YES;
				ONLY_ACTIVE_ARCH = YES;
				SDKROOT = iphoneos;
				SWIFT_OPTIMIZATION_LEVEL = "-Onone";
			};
			name = Debug;
		};
		884B38B41A86D38D00347AD9 /* Release */ = {
			isa = XCBuildConfiguration;
			buildSettings = {
				ALWAYS_SEARCH_USER_PATHS = NO;
				CLANG_CXX_LANGUAGE_STANDARD = "gnu++0x";
				CLANG_CXX_LIBRARY = "libc++";
				CLANG_ENABLE_MODULES = YES;
				CLANG_ENABLE_OBJC_ARC = YES;
				CLANG_WARN_BOOL_CONVERSION = YES;
				CLANG_WARN_CONSTANT_CONVERSION = YES;
				CLANG_WARN_DIRECT_OBJC_ISA_USAGE = YES_ERROR;
				CLANG_WARN_EMPTY_BODY = YES;
				CLANG_WARN_ENUM_CONVERSION = YES;
				CLANG_WARN_INT_CONVERSION = YES;
				CLANG_WARN_OBJC_ROOT_CLASS = YES_ERROR;
				CLANG_WARN_UNREACHABLE_CODE = YES;
				CLANG_WARN__DUPLICATE_METHOD_MATCH = YES;
				"CODE_SIGN_IDENTITY[sdk=iphoneos*]" = "iPhone Developer";
				COPY_PHASE_STRIP = YES;
				ENABLE_NS_ASSERTIONS = NO;
				ENABLE_STRICT_OBJC_MSGSEND = YES;
				GCC_C_LANGUAGE_STANDARD = gnu99;
				GCC_WARN_64_TO_32_BIT_CONVERSION = YES;
				GCC_WARN_ABOUT_RETURN_TYPE = YES_ERROR;
				GCC_WARN_UNDECLARED_SELECTOR = YES;
				GCC_WARN_UNINITIALIZED_AUTOS = YES_AGGRESSIVE;
				GCC_WARN_UNUSED_FUNCTION = YES;
				GCC_WARN_UNUSED_VARIABLE = YES;
				IPHONEOS_DEPLOYMENT_TARGET = 8.1;
				MTL_ENABLE_DEBUG_INFO = NO;
				SDKROOT = iphoneos;
				VALIDATE_PRODUCT = YES;
			};
			name = Release;
		};
		884B38B61A86D38D00347AD9 /* Debug */ = {
			isa = XCBuildConfiguration;
			buildSettings = {
				ASSETCATALOG_COMPILER_APPICON_NAME = AppIcon;
				INFOPLIST_FILE = Battleship/Info.plist;
				LD_RUNPATH_SEARCH_PATHS = "$(inherited) @executable_path/Frameworks";
				PRODUCT_NAME = "$(TARGET_NAME)";
				TARGETED_DEVICE_FAMILY = "1,2";
			};
			name = Debug;
		};
		884B38B71A86D38D00347AD9 /* Release */ = {
			isa = XCBuildConfiguration;
			buildSettings = {
				ASSETCATALOG_COMPILER_APPICON_NAME = AppIcon;
				INFOPLIST_FILE = Battleship/Info.plist;
				LD_RUNPATH_SEARCH_PATHS = "$(inherited) @executable_path/Frameworks";
				PRODUCT_NAME = "$(TARGET_NAME)";
				TARGETED_DEVICE_FAMILY = "1,2";
			};
			name = Release;
		};
		884B38B91A86D38D00347AD9 /* Debug */ = {
			isa = XCBuildConfiguration;
			buildSettings = {
				BUNDLE_LOADER = "$(TEST_HOST)";
				FRAMEWORK_SEARCH_PATHS = (
					"$(SDKROOT)/Developer/Library/Frameworks",
					"$(inherited)",
				);
				GCC_PREPROCESSOR_DEFINITIONS = (
					"DEBUG=1",
					"$(inherited)",
				);
				INFOPLIST_FILE = BattleshipTests/Info.plist;
				LD_RUNPATH_SEARCH_PATHS = "$(inherited) @executable_path/Frameworks @loader_path/Frameworks";
				PRODUCT_NAME = "$(TARGET_NAME)";
				TEST_HOST = "$(BUILT_PRODUCTS_DIR)/Battleship.app/Battleship";
			};
			name = Debug;
		};
		884B38BA1A86D38D00347AD9 /* Release */ = {
			isa = XCBuildConfiguration;
			buildSettings = {
				BUNDLE_LOADER = "$(TEST_HOST)";
				FRAMEWORK_SEARCH_PATHS = (
					"$(SDKROOT)/Developer/Library/Frameworks",
					"$(inherited)",
				);
				INFOPLIST_FILE = BattleshipTests/Info.plist;
				LD_RUNPATH_SEARCH_PATHS = "$(inherited) @executable_path/Frameworks @loader_path/Frameworks";
				PRODUCT_NAME = "$(TARGET_NAME)";
				TEST_HOST = "$(BUILT_PRODUCTS_DIR)/Battleship.app/Battleship";
			};
			name = Release;
		};
/* End XCBuildConfiguration section */

/* Begin XCConfigurationList section */
		884B38911A86D38D00347AD9 /* Build configuration list for PBXProject "Battleship" */ = {
			isa = XCConfigurationList;
			buildConfigurations = (
				884B38B31A86D38D00347AD9 /* Debug */,
				884B38B41A86D38D00347AD9 /* Release */,
			);
			defaultConfigurationIsVisible = 0;
			defaultConfigurationName = Release;
		};
		884B38B51A86D38D00347AD9 /* Build configuration list for PBXNativeTarget "Battleship" */ = {
			isa = XCConfigurationList;
			buildConfigurations = (
				884B38B61A86D38D00347AD9 /* Debug */,
				884B38B71A86D38D00347AD9 /* Release */,
			);
			defaultConfigurationIsVisible = 0;
			defaultConfigurationName = Release;
		};
		884B38B81A86D38D00347AD9 /* Build configuration list for PBXNativeTarget "BattleshipTests" */ = {
			isa = XCConfigurationList;
			buildConfigurations = (
				884B38B91A86D38D00347AD9 /* Debug */,
				884B38BA1A86D38D00347AD9 /* Release */,
			);
			defaultConfigurationIsVisible = 0;
			defaultConfigurationName = Release;
		};
/* End XCConfigurationList section */
	};
	rootObject = 884B388E1A86D38C00347AD9 /* Project object */;
}
